{
  "nodes": {
    "create-hcloud-nixos-snapshot": {
      "inputs": {
        "nixpkgs": [
          "nixpkgs"
        ]
      },
      "locked": {
        "lastModified": 1741150281,
        "narHash": "sha256-TbnoNRVCEOg+Mx80V/NU+fZCDXs28Lkwg32+MP27VMw=",
        "owner": "kyswtn",
        "repo": "create-hcloud-nixos-snapshot",
        "rev": "7a9a946622676b7ffa67743b4d3eb469d9542c7b",
        "type": "github"
      },
      "original": {
        "owner": "kyswtn",
        "repo": "create-hcloud-nixos-snapshot",
        "type": "github"
      }
    },
    "nixpkgs": {
      "locked": {
        "lastModified": 1742237028,
        "narHash": "sha256-xlpHmgBxUnvHo8FNnju0sgnEyasb4gC607b+keqjmX8=",
        "owner": "NixOS",
        "repo": "nixpkgs",
        "rev": "9bc8a90931262245919a26f995c1f24c6c70d3fe",
        "type": "github"
      },
      "original": {
        "owner": "NixOS",
        "ref": "nixpkgs-unstable",
        "repo": "nixpkgs",
        "type": "github"
      }
    },
    "root": {
      "inputs": {
        "create-hcloud-nixos-snapshot": "create-hcloud-nixos-snapshot",
        "nixpkgs": "nixpkgs"
      }
    }
  },
  "root": "root",
  "version": 7
}
